
Microsoft Visual Studio Solution File, Format Version 12.00
# Visual Studio Version 17
VisualStudioVersion = 17.7.34024.191
MinimumVisualStudioVersion = 10.0.40219.1
Project("{FAE04EC0-301F-11D3-BF4B-00C04F79EFBC}") = "SimpleNotebookNOTMVVM", "SimpleNotebookNOTMVVM\SimpleNotebookNOTMVVM.csproj", "{CF4C732C-946F-4582-8FB3-080CC14FFF8F}"
EndProject
Global
	GlobalSection(SolutionConfigurationPlatforms) = preSolution
		Debug|Any CPU = Debug|Any CPU
		Release|Any CPU = Release|Any CPU
	EndGlobalSection
	GlobalSection(ProjectConfigurationPlatforms) = postSolution
		{CF4C732C-946F-4582-8FB3-080CC14FFF8F}.Debug|Any CPU.ActiveCfg = Debug|Any CPU
		{CF4C732C-946F-4582-8FB3-080CC14FFF8F}.Debug|Any CPU.Build.0 = Debug|Any CPU
		{CF4C732C-946F-4582-8FB3-080CC14FFF8F}.Release|Any CPU.ActiveCfg = Release|Any CPU
		{CF4C732C-946F-4582-8FB3-080CC14FFF8F}.Release|Any CPU.Build.0 = Release|Any CPU
	EndGlobalSection
	GlobalSection(SolutionProperties) = preSolution
		HideSolutionNode = FALSE
	EndGlobalSection
	GlobalSection(ExtensibilityGlobals) = postSolution
		SolutionGuid = {0DEBDDE5-F34B-49A0-B44B-B110E2DED9E4}
	EndGlobalSection
EndGlobal
